
Microsoft Visual Studio Solution File, Format Version 12.00
# Visual Studio Version 17
VisualStudioVersion = 17.13.35931.197 d17.13
MinimumVisualStudioVersion = 10.0.40219.1
Project("{FAE04EC0-301F-11D3-BF4B-00C04F79EFBC}") = "Librarya", "Librarya\Librarya.csproj", "{8EB81434-4146-4B72-9F1A-FADD64827F70}"
EndProject
Global
	GlobalSection(SolutionConfigurationPlatforms) = preSolution
		Debug|Any CPU = Debug|Any CPU
		Release|Any CPU = Release|Any CPU
	EndGlobalSection
	GlobalSection(ProjectConfigurationPlatforms) = postSolution
		{8EB81434-4146-4B72-9F1A-FADD64827F70}.Debug|Any CPU.ActiveCfg = Debug|Any CPU
		{8EB81434-4146-4B72-9F1A-FADD64827F70}.Debug|Any CPU.Build.0 = Debug|Any CPU
		{8EB81434-4146-4B72-9F1A-FADD64827F70}.Release|Any CPU.ActiveCfg = Release|Any CPU
		{8EB81434-4146-4B72-9F1A-FADD64827F70}.Release|Any CPU.Build.0 = Release|Any CPU
	EndGlobalSection
	GlobalSection(SolutionProperties) = preSolution
		HideSolutionNode = FALSE
	EndGlobalSection
	GlobalSection(ExtensibilityGlobals) = postSolution
		SolutionGuid = {54BA1CDB-18C8-4333-85FF-15C35C39CA69}
	EndGlobalSection
EndGlobal
